// !$*UTF8*$!
{
	archiveVersion = 1;
	classes = {
	};
	objectVersion = 46;
	objects = {

/* Begin PBXBuildFile section */
		892121DB1E565AF4009C25F0 /* XOPMemory.c in Sources */ = {isa = PBXBuildFile; fileRef = 892121DA1E565AF4009C25F0 /* XOPMemory.c */; };
		892121DC1E565AF4009C25F0 /* XOPMemory.c in Sources */ = {isa = PBXBuildFile; fileRef = 892121DA1E565AF4009C25F0 /* XOPMemory.c */; };
		892121DD1E565AF4009C25F0 /* XOPMemory.c in Sources */ = {isa = PBXBuildFile; fileRef = 892121DA1E565AF4009C25F0 /* XOPMemory.c */; };
		892121DE1E565AF4009C25F0 /* XOPMemory.c in Sources */ = {isa = PBXBuildFile; fileRef = 892121DA1E565AF4009C25F0 /* XOPMemory.c */; };
		8968C1141DD77E1E007C0945 /* IgorXOP.h in Headers */ = {isa = PBXBuildFile; fileRef = AA60AC43057D34FC0010DFAC /* IgorXOP.h */; };
		8968C1151DD77E1E007C0945 /* XOP.h in Headers */ = {isa = PBXBuildFile; fileRef = AA60AC44057D34FC0010DFAC /* XOP.h */; };
		8968C1161DD77E1E007C0945 /* XOPResources.h in Headers */ = {isa = PBXBuildFile; fileRef = AA60AC4A057D34FC0010DFAC /* XOPResources.h */; };
		8968C1171DD77E1E007C0945 /* XOPStandardHeaders.h in Headers */ = {isa = PBXBuildFile; fileRef = AA60AC4B057D34FC0010DFAC /* XOPStandardHeaders.h */; };
		8968C1181DD77E1E007C0945 /* XOPSupport.h in Headers */ = {isa = PBXBuildFile; fileRef = AA60AC4D057D34FC0010DFAC /* XOPSupport.h */; };
		8968C1191DD77E1E007C0945 /* XOPSupportMac.h in Headers */ = {isa = PBXBuildFile; fileRef = AA60AC4F057D34FC0010DFAC /* XOPSupportMac.h */; };
		8968C11A1DD77E1E007C0945 /* WMTypes.h in Headers */ = {isa = PBXBuildFile; fileRef = 89BC6773107526A800F4B149 /* WMTypes.h */; };
		8968C11B1DD77E1E007C0945 /* IgorErrors.h in Headers */ = {isa = PBXBuildFile; fileRef = 89BC6774107526A800F4B149 /* IgorErrors.h */; };
		8968C11C1DD77E1E007C0945 /* NamedFIFO.h in Headers */ = {isa = PBXBuildFile; fileRef = 89A72BEB1095F234003AE340 /* NamedFIFO.h */; };
		8968C11D1DD77E1E007C0945 /* XOPWindows.h in Headers */ = {isa = PBXBuildFile; fileRef = 898E6EDE18F5EEC0008E994F /* XOPWindows.h */; };
		8968C11E1DD77E1E007C0945 /* XOPContainers.h in Headers */ = {isa = PBXBuildFile; fileRef = 8976E15019493CB600157985 /* XOPContainers.h */; };
		8968C1201DD77E1E007C0945 /* XOPDataFolderAccess.c in Sources */ = {isa = PBXBuildFile; fileRef = AA60AC45057D34FC0010DFAC /* XOPDataFolderAccess.c */; };
		8968C1211DD77E1E007C0945 /* XOPDialogsMac.c in Sources */ = {isa = PBXBuildFile; fileRef = AA60AC46057D34FC0010DFAC /* XOPDialogsMac.c */; };
		8968C1221DD77E1E007C0945 /* XOPFiles.c in Sources */ = {isa = PBXBuildFile; fileRef = AA60AC47057D34FC0010DFAC /* XOPFiles.c */; };
		8968C1231DD77E1E007C0945 /* XOPMenus.c in Sources */ = {isa = PBXBuildFile; fileRef = AA60AC48057D34FC0010DFAC /* XOPMenus.c */; };
		8968C1241DD77E1E007C0945 /* XOPNumericConversion.c in Sources */ = {isa = PBXBuildFile; fileRef = AA60AC49057D34FC0010DFAC /* XOPNumericConversion.c */; };
		8968C1251DD77E1E007C0945 /* XOPSupport.c in Sources */ = {isa = PBXBuildFile; fileRef = AA60AC4C057D34FC0010DFAC /* XOPSupport.c */; };
		8968C1261DD77E1E007C0945 /* XOPSupportMac.c in Sources */ = {isa = PBXBuildFile; fileRef = AA60AC4E057D34FC0010DFAC /* XOPSupportMac.c */; };
		8968C1271DD77E1E007C0945 /* XOPWindows.c in Sources */ = {isa = PBXBuildFile; fileRef = AA60AC51057D34FC0010DFAC /* XOPWindows.c */; };
		8968C1281DD77E1E007C0945 /* XOPWaveAccess.c in Sources */ = {isa = PBXBuildFile; fileRef = AA60AC50057D34FC0010DFAC /* XOPWaveAccess.c */; };
		8968C1291DD77E1E007C0945 /* XOPFilesMac.c in Sources */ = {isa = PBXBuildFile; fileRef = 896C71410E3E815100859D7F /* XOPFilesMac.c */; };
		8968C12A1DD77E1E007C0945 /* XOPContainers.c in Sources */ = {isa = PBXBuildFile; fileRef = 8976E14C19493CAB00157985 /* XOPContainers.c */; };
		8968C12B1DD77E1E007C0945 /* XOPTextUtilityWindows.c in Sources */ = {isa = PBXBuildFile; fileRef = 8976E156194A1DB700157985 /* XOPTextUtilityWindows.c */; };
		8968C1341DD77ED9007C0945 /* IgorXOP.h in Headers */ = {isa = PBXBuildFile; fileRef = AA60AC43057D34FC0010DFAC /* IgorXOP.h */; };
		8968C1351DD77ED9007C0945 /* XOP.h in Headers */ = {isa = PBXBuildFile; fileRef = AA60AC44057D34FC0010DFAC /* XOP.h */; };
		8968C1361DD77ED9007C0945 /* XOPResources.h in Headers */ = {isa = PBXBuildFile; fileRef = AA60AC4A057D34FC0010DFAC /* XOPResources.h */; };
		8968C1371DD77ED9007C0945 /* XOPStandardHeaders.h in Headers */ = {isa = PBXBuildFile; fileRef = AA60AC4B057D34FC0010DFAC /* XOPStandardHeaders.h */; };
		8968C1381DD77ED9007C0945 /* XOPSupport.h in Headers */ = {isa = PBXBuildFile; fileRef = AA60AC4D057D34FC0010DFAC /* XOPSupport.h */; };
		8968C1391DD77ED9007C0945 /* XOPSupportMac.h in Headers */ = {isa = PBXBuildFile; fileRef = AA60AC4F057D34FC0010DFAC /* XOPSupportMac.h */; };
		8968C13A1DD77ED9007C0945 /* WMTypes.h in Headers */ = {isa = PBXBuildFile; fileRef = 89BC6773107526A800F4B149 /* WMTypes.h */; };
		8968C13B1DD77ED9007C0945 /* IgorErrors.h in Headers */ = {isa = PBXBuildFile; fileRef = 89BC6774107526A800F4B149 /* IgorErrors.h */; };
		8968C13C1DD77ED9007C0945 /* NamedFIFO.h in Headers */ = {isa = PBXBuildFile; fileRef = 89A72BEB1095F234003AE340 /* NamedFIFO.h */; };
		8968C13D1DD77ED9007C0945 /* XOPWindows.h in Headers */ = {isa = PBXBuildFile; fileRef = 898E6EDE18F5EEC0008E994F /* XOPWindows.h */; };
		8968C13E1DD77ED9007C0945 /* XOPContainers.h in Headers */ = {isa = PBXBuildFile; fileRef = 8976E15019493CB600157985 /* XOPContainers.h */; };
		8968C1401DD77ED9007C0945 /* XOPDataFolderAccess.c in Sources */ = {isa = PBXBuildFile; fileRef = AA60AC45057D34FC0010DFAC /* XOPDataFolderAccess.c */; };
		8968C1411DD77ED9007C0945 /* XOPDialogsMac.c in Sources */ = {isa = PBXBuildFile; fileRef = AA60AC46057D34FC0010DFAC /* XOPDialogsMac.c */; };
		8968C1421DD77ED9007C0945 /* XOPFiles.c in Sources */ = {isa = PBXBuildFile; fileRef = AA60AC47057D34FC0010DFAC /* XOPFiles.c */; };
		8968C1431DD77ED9007C0945 /* XOPMenus.c in Sources */ = {isa = PBXBuildFile; fileRef = AA60AC48057D34FC0010DFAC /* XOPMenus.c */; };
		8968C1441DD77ED9007C0945 /* XOPNumericConversion.c in Sources */ = {isa = PBXBuildFile; fileRef = AA60AC49057D34FC0010DFAC /* XOPNumericConversion.c */; };
		8968C1451DD77ED9007C0945 /* XOPSupport.c in Sources */ = {isa = PBXBuildFile; fileRef = AA60AC4C057D34FC0010DFAC /* XOPSupport.c */; };
		8968C1461DD77ED9007C0945 /* XOPSupportMac.c in Sources */ = {isa = PBXBuildFile; fileRef = AA60AC4E057D34FC0010DFAC /* XOPSupportMac.c */; };
		8968C1471DD77ED9007C0945 /* XOPWindows.c in Sources */ = {isa = PBXBuildFile; fileRef = AA60AC51057D34FC0010DFAC /* XOPWindows.c */; };
		8968C1481DD77ED9007C0945 /* XOPWaveAccess.c in Sources */ = {isa = PBXBuildFile; fileRef = AA60AC50057D34FC0010DFAC /* XOPWaveAccess.c */; };
		8968C1491DD77ED9007C0945 /* XOPFilesMac.c in Sources */ = {isa = PBXBuildFile; fileRef = 896C71410E3E815100859D7F /* XOPFilesMac.c */; };
		8968C14A1DD77ED9007C0945 /* XOPContainers.c in Sources */ = {isa = PBXBuildFile; fileRef = 8976E14C19493CAB00157985 /* XOPContainers.c */; };
		8968C14B1DD77ED9007C0945 /* XOPTextUtilityWindows.c in Sources */ = {isa = PBXBuildFile; fileRef = 8976E156194A1DB700157985 /* XOPTextUtilityWindows.c */; };
		896C71420E3E815100859D7F /* XOPFilesMac.c in Sources */ = {isa = PBXBuildFile; fileRef = 896C71410E3E815100859D7F /* XOPFilesMac.c */; };
		8976E14D19493CAB00157985 /* XOPContainers.c in Sources */ = {isa = PBXBuildFile; fileRef = 8976E14C19493CAB00157985 /* XOPContainers.c */; };
		8976E14E19493CAB00157985 /* XOPContainers.c in Sources */ = {isa = PBXBuildFile; fileRef = 8976E14C19493CAB00157985 /* XOPContainers.c */; };
		8976E15119493CB600157985 /* XOPContainers.h in Headers */ = {isa = PBXBuildFile; fileRef = 8976E15019493CB600157985 /* XOPContainers.h */; };
		8976E15219493CB600157985 /* XOPContainers.h in Headers */ = {isa = PBXBuildFile; fileRef = 8976E15019493CB600157985 /* XOPContainers.h */; };
		8976E157194A1DB700157985 /* XOPTextUtilityWindows.c in Sources */ = {isa = PBXBuildFile; fileRef = 8976E156194A1DB700157985 /* XOPTextUtilityWindows.c */; };
		8976E158194A1DB700157985 /* XOPTextUtilityWindows.c in Sources */ = {isa = PBXBuildFile; fileRef = 8976E156194A1DB700157985 /* XOPTextUtilityWindows.c */; };
		898E6EDF18F5EEC0008E994F /* XOPWindows.h in Headers */ = {isa = PBXBuildFile; fileRef = 898E6EDE18F5EEC0008E994F /* XOPWindows.h */; };
		898E6EE018F5EEC0008E994F /* XOPWindows.h in Headers */ = {isa = PBXBuildFile; fileRef = 898E6EDE18F5EEC0008E994F /* XOPWindows.h */; };
		89957BA91829DBB300F5F710 /* IgorXOP.h in Headers */ = {isa = PBXBuildFile; fileRef = AA60AC43057D34FC0010DFAC /* IgorXOP.h */; };
		89957BAA1829DBB300F5F710 /* XOP.h in Headers */ = {isa = PBXBuildFile; fileRef = AA60AC44057D34FC0010DFAC /* XOP.h */; };
		89957BAB1829DBB300F5F710 /* XOPResources.h in Headers */ = {isa = PBXBuildFile; fileRef = AA60AC4A057D34FC0010DFAC /* XOPResources.h */; };
		89957BAC1829DBB300F5F710 /* XOPStandardHeaders.h in Headers */ = {isa = PBXBuildFile; fileRef = AA60AC4B057D34FC0010DFAC /* XOPStandardHeaders.h */; };
		89957BAD1829DBB300F5F710 /* XOPSupport.h in Headers */ = {isa = PBXBuildFile; fileRef = AA60AC4D057D34FC0010DFAC /* XOPSupport.h */; };
		89957BAE1829DBB300F5F710 /* XOPSupportMac.h in Headers */ = {isa = PBXBuildFile; fileRef = AA60AC4F057D34FC0010DFAC /* XOPSupportMac.h */; };
		89957BAF1829DBB300F5F710 /* WMTypes.h in Headers */ = {isa = PBXBuildFile; fileRef = 89BC6773107526A800F4B149 /* WMTypes.h */; };
		89957BB01829DBB300F5F710 /* IgorErrors.h in Headers */ = {isa = PBXBuildFile; fileRef = 89BC6774107526A800F4B149 /* IgorErrors.h */; };
		89957BB11829DBB300F5F710 /* NamedFIFO.h in Headers */ = {isa = PBXBuildFile; fileRef = 89A72BEB1095F234003AE340 /* NamedFIFO.h */; };
		89957BB31829DBB300F5F710 /* XOPDataFolderAccess.c in Sources */ = {isa = PBXBuildFile; fileRef = AA60AC45057D34FC0010DFAC /* XOPDataFolderAccess.c */; };
		89957BB41829DBB300F5F710 /* XOPDialogsMac.c in Sources */ = {isa = PBXBuildFile; fileRef = AA60AC46057D34FC0010DFAC /* XOPDialogsMac.c */; };
		89957BB51829DBB300F5F710 /* XOPFiles.c in Sources */ = {isa = PBXBuildFile; fileRef = AA60AC47057D34FC0010DFAC /* XOPFiles.c */; };
		89957BB61829DBB300F5F710 /* XOPMenus.c in Sources */ = {isa = PBXBuildFile; fileRef = AA60AC48057D34FC0010DFAC /* XOPMenus.c */; };
		89957BB71829DBB300F5F710 /* XOPNumericConversion.c in Sources */ = {isa = PBXBuildFile; fileRef = AA60AC49057D34FC0010DFAC /* XOPNumericConversion.c */; };
		89957BB81829DBB300F5F710 /* XOPSupport.c in Sources */ = {isa = PBXBuildFile; fileRef = AA60AC4C057D34FC0010DFAC /* XOPSupport.c */; };
		89957BB91829DBB300F5F710 /* XOPSupportMac.c in Sources */ = {isa = PBXBuildFile; fileRef = AA60AC4E057D34FC0010DFAC /* XOPSupportMac.c */; };
		89957BBA1829DBB300F5F710 /* XOPWindows.c in Sources */ = {isa = PBXBuildFile; fileRef = AA60AC51057D34FC0010DFAC /* XOPWindows.c */; };
		89957BBB1829DBB300F5F710 /* XOPWaveAccess.c in Sources */ = {isa = PBXBuildFile; fileRef = AA60AC50057D34FC0010DFAC /* XOPWaveAccess.c */; };
		89957BBC1829DBB300F5F710 /* XOPFilesMac.c in Sources */ = {isa = PBXBuildFile; fileRef = 896C71410E3E815100859D7F /* XOPFilesMac.c */; };
		89A72BF01095F245003AE340 /* NamedFIFO.h in Headers */ = {isa = PBXBuildFile; fileRef = 89A72BEB1095F234003AE340 /* NamedFIFO.h */; };
		89AF3BC11E64B50D00FCA86A /* XOPWinMacSupport.h in Headers */ = {isa = PBXBuildFile; fileRef = 89AF3BC01E64B50D00FCA86A /* XOPWinMacSupport.h */; };
		89AF3BC21E64B50D00FCA86A /* XOPWinMacSupport.h in Headers */ = {isa = PBXBuildFile; fileRef = 89AF3BC01E64B50D00FCA86A /* XOPWinMacSupport.h */; };
		89AF3BC31E64B50D00FCA86A /* XOPWinMacSupport.h in Headers */ = {isa = PBXBuildFile; fileRef = 89AF3BC01E64B50D00FCA86A /* XOPWinMacSupport.h */; };
		89AF3BC41E64B50D00FCA86A /* XOPWinMacSupport.h in Headers */ = {isa = PBXBuildFile; fileRef = 89AF3BC01E64B50D00FCA86A /* XOPWinMacSupport.h */; };
		89B041FE08888BAE001DF13D /* XOPWaveAccess.c in Sources */ = {isa = PBXBuildFile; fileRef = AA60AC50057D34FC0010DFAC /* XOPWaveAccess.c */; };
		89BC6775107526A800F4B149 /* WMTypes.h in Headers */ = {isa = PBXBuildFile; fileRef = 89BC6773107526A800F4B149 /* WMTypes.h */; };
		89BC6776107526A800F4B149 /* IgorErrors.h in Headers */ = {isa = PBXBuildFile; fileRef = 89BC6774107526A800F4B149 /* IgorErrors.h */; };
		AA60AC52057D34FC0010DFAC /* IgorXOP.h in Headers */ = {isa = PBXBuildFile; fileRef = AA60AC43057D34FC0010DFAC /* IgorXOP.h */; };
		AA60AC53057D34FC0010DFAC /* XOP.h in Headers */ = {isa = PBXBuildFile; fileRef = AA60AC44057D34FC0010DFAC /* XOP.h */; };
		AA60AC54057D34FC0010DFAC /* XOPDataFolderAccess.c in Sources */ = {isa = PBXBuildFile; fileRef = AA60AC45057D34FC0010DFAC /* XOPDataFolderAccess.c */; };
		AA60AC55057D34FC0010DFAC /* XOPDialogsMac.c in Sources */ = {isa = PBXBuildFile; fileRef = AA60AC46057D34FC0010DFAC /* XOPDialogsMac.c */; };
		AA60AC56057D34FC0010DFAC /* XOPFiles.c in Sources */ = {isa = PBXBuildFile; fileRef = AA60AC47057D34FC0010DFAC /* XOPFiles.c */; };
		AA60AC57057D34FC0010DFAC /* XOPMenus.c in Sources */ = {isa = PBXBuildFile; fileRef = AA60AC48057D34FC0010DFAC /* XOPMenus.c */; };
		AA60AC58057D34FC0010DFAC /* XOPNumericConversion.c in Sources */ = {isa = PBXBuildFile; fileRef = AA60AC49057D34FC0010DFAC /* XOPNumericConversion.c */; };
		AA60AC59057D34FC0010DFAC /* XOPResources.h in Headers */ = {isa = PBXBuildFile; fileRef = AA60AC4A057D34FC0010DFAC /* XOPResources.h */; };
		AA60AC5A057D34FC0010DFAC /* XOPStandardHeaders.h in Headers */ = {isa = PBXBuildFile; fileRef = AA60AC4B057D34FC0010DFAC /* XOPStandardHeaders.h */; };
		AA60AC5B057D34FC0010DFAC /* XOPSupport.c in Sources */ = {isa = PBXBuildFile; fileRef = AA60AC4C057D34FC0010DFAC /* XOPSupport.c */; };
		AA60AC5C057D34FC0010DFAC /* XOPSupport.h in Headers */ = {isa = PBXBuildFile; fileRef = AA60AC4D057D34FC0010DFAC /* XOPSupport.h */; };
		AA60AC5D057D34FC0010DFAC /* XOPSupportMac.c in Sources */ = {isa = PBXBuildFile; fileRef = AA60AC4E057D34FC0010DFAC /* XOPSupportMac.c */; };
		AA60AC5E057D34FC0010DFAC /* XOPSupportMac.h in Headers */ = {isa = PBXBuildFile; fileRef = AA60AC4F057D34FC0010DFAC /* XOPSupportMac.h */; };
		AA60AC60057D34FC0010DFAC /* XOPWindows.c in Sources */ = {isa = PBXBuildFile; fileRef = AA60AC51057D34FC0010DFAC /* XOPWindows.c */; };
/* End PBXBuildFile section */

/* Begin PBXFileReference section */
		892121D81E4E37F0009C25F0 /* XOPTypes.r */ = {isa = PBXFileReference; lastKnownFileType = sourcecode.rez; name = XOPTypes.r; path = ../XOPTypes.r; sourceTree = "<group>"; };
		892121D91E4E3801009C25F0 /* XOPStandardHeaders.r */ = {isa = PBXFileReference; lastKnownFileType = sourcecode.rez; name = XOPStandardHeaders.r; path = ../XOPStandardHeaders.r; sourceTree = "<group>"; };
		892121DA1E565AF4009C25F0 /* XOPMemory.c */ = {isa = PBXFileReference; fileEncoding = 4; lastKnownFileType = sourcecode.c.c; name = XOPMemory.c; path = ../XOPMemory.c; sourceTree = "<group>"; };
		8968C1311DD77E1E007C0945 /* libXOPSupportLongNames.a */ = {isa = PBXFileReference; explicitFileType = archive.ar; includeInIndex = 0; path = libXOPSupportLongNames.a; sourceTree = BUILT_PRODUCTS_DIR; };
		8968C1511DD77ED9007C0945 /* libXOPSupportLongNames64.a */ = {isa = PBXFileReference; explicitFileType = archive.ar; includeInIndex = 0; path = libXOPSupportLongNames64.a; sourceTree = BUILT_PRODUCTS_DIR; };
		896C71410E3E815100859D7F /* XOPFilesMac.c */ = {isa = PBXFileReference; fileEncoding = 4; lastKnownFileType = sourcecode.c.c; name = XOPFilesMac.c; path = ../XOPFilesMac.c; sourceTree = SOURCE_ROOT; };
		8976E14C19493CAB00157985 /* XOPContainers.c */ = {isa = PBXFileReference; fileEncoding = 4; lastKnownFileType = sourcecode.c.c; name = XOPContainers.c; path = ../XOPContainers.c; sourceTree = "<group>"; };
		8976E15019493CB600157985 /* XOPContainers.h */ = {isa = PBXFileReference; fileEncoding = 4; lastKnownFileType = sourcecode.c.h; name = XOPContainers.h; path = ../XOPContainers.h; sourceTree = "<group>"; };
		8976E156194A1DB700157985 /* XOPTextUtilityWindows.c */ = {isa = PBXFileReference; fileEncoding = 4; lastKnownFileType = sourcecode.c.c; name = XOPTextUtilityWindows.c; path = ../XOPTextUtilityWindows.c; sourceTree = "<group>"; };
		898E6EDE18F5EEC0008E994F /* XOPWindows.h */ = {isa = PBXFileReference; fileEncoding = 4; lastKnownFileType = sourcecode.c.h; name = XOPWindows.h; path = ../XOPWindows.h; sourceTree = "<group>"; };
		89957BC21829DBB300F5F710 /* libXOPSupport64.a */ = {isa = PBXFileReference; explicitFileType = archive.ar; includeInIndex = 0; path = libXOPSupport64.a; sourceTree = BUILT_PRODUCTS_DIR; };
		89A72BEB1095F234003AE340 /* NamedFIFO.h */ = {isa = PBXFileReference; fileEncoding = 4; lastKnownFileType = sourcecode.c.h; name = NamedFIFO.h; path = ../NamedFIFO.h; sourceTree = SOURCE_ROOT; };
		89A72BEC1095F234003AE340 /* XOPDialogsWin.c */ = {isa = PBXFileReference; fileEncoding = 4; lastKnownFileType = sourcecode.c.c; name = XOPDialogsWin.c; path = ../XOPDialogsWin.c; sourceTree = SOURCE_ROOT; };
		89A72BED1095F234003AE340 /* XOPFilesWin.c */ = {isa = PBXFileReference; fileEncoding = 4; lastKnownFileType = sourcecode.c.c; name = XOPFilesWin.c; path = ../XOPFilesWin.c; sourceTree = SOURCE_ROOT; };
		89A72BEE1095F234003AE340 /* XOPSupportWin.c */ = {isa = PBXFileReference; fileEncoding = 4; lastKnownFileType = sourcecode.c.c; name = XOPSupportWin.c; path = ../XOPSupportWin.c; sourceTree = SOURCE_ROOT; };
		89A72BEF1095F234003AE340 /* XOPSupportWin.h */ = {isa = PBXFileReference; fileEncoding = 4; lastKnownFileType = sourcecode.c.h; name = XOPSupportWin.h; path = ../XOPSupportWin.h; sourceTree = SOURCE_ROOT; };
		89AF3BC01E64B50D00FCA86A /* XOPWinMacSupport.h */ = {isa = PBXFileReference; fileEncoding = 4; lastKnownFileType = sourcecode.c.h; name = XOPWinMacSupport.h; path = ../XOPWinMacSupport.h; sourceTree = "<group>"; };
		89BC6773107526A800F4B149 /* WMTypes.h */ = {isa = PBXFileReference; fileEncoding = 4; lastKnownFileType = sourcecode.c.h; name = WMTypes.h; path = ../WMTypes.h; sourceTree = SOURCE_ROOT; };
		89BC6774107526A800F4B149 /* IgorErrors.h */ = {isa = PBXFileReference; fileEncoding = 4; lastKnownFileType = sourcecode.c.h; name = IgorErrors.h; path = ../IgorErrors.h; sourceTree = SOURCE_ROOT; };
		AA60AC37057D33F90010DFAC /* libXOPSupport.a */ = {isa = PBXFileReference; explicitFileType = archive.ar; includeInIndex = 0; path = libXOPSupport.a; sourceTree = BUILT_PRODUCTS_DIR; };
		AA60AC43057D34FC0010DFAC /* IgorXOP.h */ = {isa = PBXFileReference; fileEncoding = 4; lastKnownFileType = sourcecode.c.h; name = IgorXOP.h; path = ../IgorXOP.h; sourceTree = SOURCE_ROOT; };
		AA60AC44057D34FC0010DFAC /* XOP.h */ = {isa = PBXFileReference; fileEncoding = 4; lastKnownFileType = sourcecode.c.h; name = XOP.h; path = ../XOP.h; sourceTree = SOURCE_ROOT; };
		AA60AC45057D34FC0010DFAC /* XOPDataFolderAccess.c */ = {isa = PBXFileReference; fileEncoding = 4; lastKnownFileType = sourcecode.c.c; name = XOPDataFolderAccess.c; path = ../XOPDataFolderAccess.c; sourceTree = SOURCE_ROOT; };
		AA60AC46057D34FC0010DFAC /* XOPDialogsMac.c */ = {isa = PBXFileReference; explicitFileType = sourcecode.c.objc; fileEncoding = 4; name = XOPDialogsMac.c; path = ../XOPDialogsMac.c; sourceTree = SOURCE_ROOT; };
		AA60AC47057D34FC0010DFAC /* XOPFiles.c */ = {isa = PBXFileReference; fileEncoding = 4; lastKnownFileType = sourcecode.c.c; name = XOPFiles.c; path = ../XOPFiles.c; sourceTree = SOURCE_ROOT; };
		AA60AC48057D34FC0010DFAC /* XOPMenus.c */ = {isa = PBXFileReference; fileEncoding = 4; lastKnownFileType = sourcecode.c.c; name = XOPMenus.c; path = ../XOPMenus.c; sourceTree = SOURCE_ROOT; };
		AA60AC49057D34FC0010DFAC /* XOPNumericConversion.c */ = {isa = PBXFileReference; fileEncoding = 4; lastKnownFileType = sourcecode.c.c; name = XOPNumericConversion.c; path = ../XOPNumericConversion.c; sourceTree = SOURCE_ROOT; };
		AA60AC4A057D34FC0010DFAC /* XOPResources.h */ = {isa = PBXFileReference; fileEncoding = 4; lastKnownFileType = sourcecode.c.h; name = XOPResources.h; path = ../XOPResources.h; sourceTree = SOURCE_ROOT; };
		AA60AC4B057D34FC0010DFAC /* XOPStandardHeaders.h */ = {isa = PBXFileReference; fileEncoding = 4; lastKnownFileType = sourcecode.c.h; name = XOPStandardHeaders.h; path = ../XOPStandardHeaders.h; sourceTree = SOURCE_ROOT; };
		AA60AC4C057D34FC0010DFAC /* XOPSupport.c */ = {isa = PBXFileReference; fileEncoding = 4; lastKnownFileType = sourcecode.c.c; name = XOPSupport.c; path = ../XOPSupport.c; sourceTree = SOURCE_ROOT; };
		AA60AC4D057D34FC0010DFAC /* XOPSupport.h */ = {isa = PBXFileReference; fileEncoding = 4; lastKnownFileType = sourcecode.c.h; name = XOPSupport.h; path = ../XOPSupport.h; sourceTree = SOURCE_ROOT; };
		AA60AC4E057D34FC0010DFAC /* XOPSupportMac.c */ = {isa = PBXFileReference; fileEncoding = 4; lastKnownFileType = sourcecode.c.c; name = XOPSupportMac.c; path = ../XOPSupportMac.c; sourceTree = SOURCE_ROOT; };
		AA60AC4F057D34FC0010DFAC /* XOPSupportMac.h */ = {isa = PBXFileReference; fileEncoding = 4; lastKnownFileType = sourcecode.c.h; name = XOPSupportMac.h; path = ../XOPSupportMac.h; sourceTree = SOURCE_ROOT; };
		AA60AC50057D34FC0010DFAC /* XOPWaveAccess.c */ = {isa = PBXFileReference; fileEncoding = 4; lastKnownFileType = sourcecode.c.c; name = XOPWaveAccess.c; path = ../XOPWaveAccess.c; sourceTree = SOURCE_ROOT; };
		AA60AC51057D34FC0010DFAC /* XOPWindows.c */ = {isa = PBXFileReference; fileEncoding = 4; lastKnownFileType = sourcecode.c.c; name = XOPWindows.c; path = ../XOPWindows.c; sourceTree = SOURCE_ROOT; };
/* End PBXFileReference section */

/* Begin PBXFrameworksBuildPhase section */
		8968C12C1DD77E1E007C0945 /* Frameworks */ = {
			isa = PBXFrameworksBuildPhase;
			buildActionMask = 2147483647;
			files = (
			);
			runOnlyForDeploymentPostprocessing = 0;
		};
		8968C14C1DD77ED9007C0945 /* Frameworks */ = {
			isa = PBXFrameworksBuildPhase;
			buildActionMask = 2147483647;
			files = (
			);
			runOnlyForDeploymentPostprocessing = 0;
		};
		89957BBD1829DBB300F5F710 /* Frameworks */ = {
			isa = PBXFrameworksBuildPhase;
			buildActionMask = 2147483647;
			files = (
			);
			runOnlyForDeploymentPostprocessing = 0;
		};
		AA60AC35057D33F90010DFAC /* Frameworks */ = {
			isa = PBXFrameworksBuildPhase;
			buildActionMask = 2147483647;
			files = (
			);
			runOnlyForDeploymentPostprocessing = 0;
		};
/* End PBXFrameworksBuildPhase section */

/* Begin PBXGroup section */
		89BC676C1075262700F4B149 /* Source */ = {
			isa = PBXGroup;
			children = (
				89A72BEB1095F234003AE340 /* NamedFIFO.h */,
				89BC6774107526A800F4B149 /* IgorErrors.h */,
				AA60AC43057D34FC0010DFAC /* IgorXOP.h */,
				89BC6773107526A800F4B149 /* WMTypes.h */,
				AA60AC44057D34FC0010DFAC /* XOP.h */,
				8976E14C19493CAB00157985 /* XOPContainers.c */,
				8976E15019493CB600157985 /* XOPContainers.h */,
				AA60AC45057D34FC0010DFAC /* XOPDataFolderAccess.c */,
				AA60AC46057D34FC0010DFAC /* XOPDialogsMac.c */,
				89A72BEC1095F234003AE340 /* XOPDialogsWin.c */,
				AA60AC47057D34FC0010DFAC /* XOPFiles.c */,
				896C71410E3E815100859D7F /* XOPFilesMac.c */,
				89A72BED1095F234003AE340 /* XOPFilesWin.c */,
				892121DA1E565AF4009C25F0 /* XOPMemory.c */,
				AA60AC48057D34FC0010DFAC /* XOPMenus.c */,
				AA60AC49057D34FC0010DFAC /* XOPNumericConversion.c */,
				AA60AC4A057D34FC0010DFAC /* XOPResources.h */,
				AA60AC4B057D34FC0010DFAC /* XOPStandardHeaders.h */,
				892121D91E4E3801009C25F0 /* XOPStandardHeaders.r */,
				AA60AC4C057D34FC0010DFAC /* XOPSupport.c */,
				AA60AC4D057D34FC0010DFAC /* XOPSupport.h */,
				AA60AC4E057D34FC0010DFAC /* XOPSupportMac.c */,
				AA60AC4F057D34FC0010DFAC /* XOPSupportMac.h */,
				89A72BEE1095F234003AE340 /* XOPSupportWin.c */,
				89A72BEF1095F234003AE340 /* XOPSupportWin.h */,
				89AF3BC01E64B50D00FCA86A /* XOPWinMacSupport.h */,
				8976E156194A1DB700157985 /* XOPTextUtilityWindows.c */,
				892121D81E4E37F0009C25F0 /* XOPTypes.r */,
				AA60AC50057D34FC0010DFAC /* XOPWaveAccess.c */,
				AA60AC51057D34FC0010DFAC /* XOPWindows.c */,
				898E6EDE18F5EEC0008E994F /* XOPWindows.h */,
			);
			name = Source;
			sourceTree = "<group>";
		};
		AA60AC23057D33820010DFAC = {
			isa = PBXGroup;
			children = (
				89BC676C1075262700F4B149 /* Source */,
				AA60AC38057D33F90010DFAC /* Products */,
			);
			sourceTree = "<group>";
		};
		AA60AC38057D33F90010DFAC /* Products */ = {
			isa = PBXGroup;
			children = (
				AA60AC37057D33F90010DFAC /* libXOPSupport.a */,
				89957BC21829DBB300F5F710 /* libXOPSupport64.a */,
				8968C1311DD77E1E007C0945 /* libXOPSupportLongNames.a */,
				8968C1511DD77ED9007C0945 /* libXOPSupportLongNames64.a */,
			);
			name = Products;
			sourceTree = "<group>";
		};
/* End PBXGroup section */

/* Begin PBXHeadersBuildPhase section */
		8968C1131DD77E1E007C0945 /* Headers */ = {
			isa = PBXHeadersBuildPhase;
			buildActionMask = 2147483647;
			files = (
				8968C1141DD77E1E007C0945 /* IgorXOP.h in Headers */,
				8968C1151DD77E1E007C0945 /* XOP.h in Headers */,
				8968C1161DD77E1E007C0945 /* XOPResources.h in Headers */,
				89AF3BC31E64B50D00FCA86A /* XOPWinMacSupport.h in Headers */,
				8968C1171DD77E1E007C0945 /* XOPStandardHeaders.h in Headers */,
				8968C1181DD77E1E007C0945 /* XOPSupport.h in Headers */,
				8968C1191DD77E1E007C0945 /* XOPSupportMac.h in Headers */,
				8968C11A1DD77E1E007C0945 /* WMTypes.h in Headers */,
				8968C11B1DD77E1E007C0945 /* IgorErrors.h in Headers */,
				8968C11C1DD77E1E007C0945 /* NamedFIFO.h in Headers */,
				8968C11D1DD77E1E007C0945 /* XOPWindows.h in Headers */,
				8968C11E1DD77E1E007C0945 /* XOPContainers.h in Headers */,
			);
			runOnlyForDeploymentPostprocessing = 0;
		};
		8968C1331DD77ED9007C0945 /* Headers */ = {
			isa = PBXHeadersBuildPhase;
			buildActionMask = 2147483647;
			files = (
				8968C1341DD77ED9007C0945 /* IgorXOP.h in Headers */,
				8968C1351DD77ED9007C0945 /* XOP.h in Headers */,
				8968C1361DD77ED9007C0945 /* XOPResources.h in Headers */,
				89AF3BC41E64B50D00FCA86A /* XOPWinMacSupport.h in Headers */,
				8968C1371DD77ED9007C0945 /* XOPStandardHeaders.h in Headers */,
				8968C1381DD77ED9007C0945 /* XOPSupport.h in Headers */,
				8968C1391DD77ED9007C0945 /* XOPSupportMac.h in Headers */,
				8968C13A1DD77ED9007C0945 /* WMTypes.h in Headers */,
				8968C13B1DD77ED9007C0945 /* IgorErrors.h in Headers */,
				8968C13C1DD77ED9007C0945 /* NamedFIFO.h in Headers */,
				8968C13D1DD77ED9007C0945 /* XOPWindows.h in Headers */,
				8968C13E1DD77ED9007C0945 /* XOPContainers.h in Headers */,
			);
			runOnlyForDeploymentPostprocessing = 0;
		};
		89957BA81829DBB300F5F710 /* Headers */ = {
			isa = PBXHeadersBuildPhase;
			buildActionMask = 2147483647;
			files = (
				89957BA91829DBB300F5F710 /* IgorXOP.h in Headers */,
				89957BAA1829DBB300F5F710 /* XOP.h in Headers */,
				89957BAB1829DBB300F5F710 /* XOPResources.h in Headers */,
				89AF3BC21E64B50D00FCA86A /* XOPWinMacSupport.h in Headers */,
				89957BAC1829DBB300F5F710 /* XOPStandardHeaders.h in Headers */,
				89957BAD1829DBB300F5F710 /* XOPSupport.h in Headers */,
				89957BAE1829DBB300F5F710 /* XOPSupportMac.h in Headers */,
				89957BAF1829DBB300F5F710 /* WMTypes.h in Headers */,
				89957BB01829DBB300F5F710 /* IgorErrors.h in Headers */,
				89957BB11829DBB300F5F710 /* NamedFIFO.h in Headers */,
				898E6EE018F5EEC0008E994F /* XOPWindows.h in Headers */,
				8976E15219493CB600157985 /* XOPContainers.h in Headers */,
			);
			runOnlyForDeploymentPostprocessing = 0;
		};
		AA60AC33057D33F90010DFAC /* Headers */ = {
			isa = PBXHeadersBuildPhase;
			buildActionMask = 2147483647;
			files = (
				AA60AC52057D34FC0010DFAC /* IgorXOP.h in Headers */,
				AA60AC53057D34FC0010DFAC /* XOP.h in Headers */,
				AA60AC59057D34FC0010DFAC /* XOPResources.h in Headers */,
				89AF3BC11E64B50D00FCA86A /* XOPWinMacSupport.h in Headers */,
				AA60AC5A057D34FC0010DFAC /* XOPStandardHeaders.h in Headers */,
				AA60AC5C057D34FC0010DFAC /* XOPSupport.h in Headers */,
				AA60AC5E057D34FC0010DFAC /* XOPSupportMac.h in Headers */,
				89BC6775107526A800F4B149 /* WMTypes.h in Headers */,
				89BC6776107526A800F4B149 /* IgorErrors.h in Headers */,
				89A72BF01095F245003AE340 /* NamedFIFO.h in Headers */,
				898E6EDF18F5EEC0008E994F /* XOPWindows.h in Headers */,
				8976E15119493CB600157985 /* XOPContainers.h in Headers */,
			);
			runOnlyForDeploymentPostprocessing = 0;
		};
/* End PBXHeadersBuildPhase section */

/* Begin PBXNativeTarget section */
		8968C1121DD77E1E007C0945 /* XOPSupportLongNames */ = {
			isa = PBXNativeTarget;
			buildConfigurationList = 8968C12D1DD77E1E007C0945 /* Build configuration list for PBXNativeTarget "XOPSupportLongNames" */;
			buildPhases = (
				8968C1131DD77E1E007C0945 /* Headers */,
				8968C11F1DD77E1E007C0945 /* Sources */,
				8968C12C1DD77E1E007C0945 /* Frameworks */,
			);
			buildRules = (
			);
			dependencies = (
			);
			name = XOPSupportLongNames;
			productName = LibXOPSupport;
			productReference = 8968C1311DD77E1E007C0945 /* libXOPSupportLongNames.a */;
			productType = "com.apple.product-type.library.static";
		};
		8968C1321DD77ED9007C0945 /* XOPSupportLongNames64 */ = {
			isa = PBXNativeTarget;
			buildConfigurationList = 8968C14D1DD77ED9007C0945 /* Build configuration list for PBXNativeTarget "XOPSupportLongNames64" */;
			buildPhases = (
				8968C1331DD77ED9007C0945 /* Headers */,
				8968C13F1DD77ED9007C0945 /* Sources */,
				8968C14C1DD77ED9007C0945 /* Frameworks */,
			);
			buildRules = (
			);
			dependencies = (
			);
			name = XOPSupportLongNames64;
			productName = LibXOPSupport;
			productReference = 8968C1511DD77ED9007C0945 /* libXOPSupportLongNames64.a */;
			productType = "com.apple.product-type.library.static";
		};
		89957BA71829DBB300F5F710 /* XOPSupport64 */ = {
			isa = PBXNativeTarget;
			buildConfigurationList = 89957BBE1829DBB300F5F710 /* Build configuration list for PBXNativeTarget "XOPSupport64" */;
			buildPhases = (
				89957BA81829DBB300F5F710 /* Headers */,
				89957BB21829DBB300F5F710 /* Sources */,
				89957BBD1829DBB300F5F710 /* Frameworks */,
			);
			buildRules = (
			);
			dependencies = (
			);
			name = XOPSupport64;
			productName = LibXOPSupport;
			productReference = 89957BC21829DBB300F5F710 /* libXOPSupport64.a */;
			productType = "com.apple.product-type.library.static";
		};
		AA60AC36057D33F90010DFAC /* XOPSupport */ = {
			isa = PBXNativeTarget;
			buildConfigurationList = 8915525A093FB1FE0062870E /* Build configuration list for PBXNativeTarget "XOPSupport" */;
			buildPhases = (
				AA60AC33057D33F90010DFAC /* Headers */,
				AA60AC34057D33F90010DFAC /* Sources */,
				AA60AC35057D33F90010DFAC /* Frameworks */,
			);
			buildRules = (
			);
			dependencies = (
			);
			name = XOPSupport;
			productName = LibXOPSupport;
			productReference = AA60AC37057D33F90010DFAC /* libXOPSupport.a */;
			productType = "com.apple.product-type.library.static";
		};
/* End PBXNativeTarget section */

/* Begin PBXProject section */
		AA60AC27057D33820010DFAC /* Project object */ = {
			isa = PBXProject;
			attributes = {
				LastUpgradeCheck = 0620;
			};
			buildConfigurationList = 8915525E093FB1FE0062870E /* Build configuration list for PBXProject "XOPSupport" */;
			compatibilityVersion = "Xcode 3.2";
			developmentRegion = English;
			hasScannedForEncodings = 1;
			knownRegions = (
				en,
			);
			mainGroup = AA60AC23057D33820010DFAC;
			productRefGroup = AA60AC38057D33F90010DFAC /* Products */;
			projectDirPath = "";
			projectRoot = "";
			targets = (
				AA60AC36057D33F90010DFAC /* XOPSupport */,
				89957BA71829DBB300F5F710 /* XOPSupport64 */,
				8968C1121DD77E1E007C0945 /* XOPSupportLongNames */,
				8968C1321DD77ED9007C0945 /* XOPSupportLongNames64 */,
			);
		};
/* End PBXProject section */

/* Begin PBXSourcesBuildPhase section */
		8968C11F1DD77E1E007C0945 /* Sources */ = {
			isa = PBXSourcesBuildPhase;
			buildActionMask = 2147483647;
			files = (
				8968C1201DD77E1E007C0945 /* XOPDataFolderAccess.c in Sources */,
				8968C1211DD77E1E007C0945 /* XOPDialogsMac.c in Sources */,
				8968C1221DD77E1E007C0945 /* XOPFiles.c in Sources */,
				8968C1231DD77E1E007C0945 /* XOPMenus.c in Sources */,
				8968C1241DD77E1E007C0945 /* XOPNumericConversion.c in Sources */,
				8968C1251DD77E1E007C0945 /* XOPSupport.c in Sources */,
				8968C1261DD77E1E007C0945 /* XOPSupportMac.c in Sources */,
				8968C1271DD77E1E007C0945 /* XOPWindows.c in Sources */,
				8968C1281DD77E1E007C0945 /* XOPWaveAccess.c in Sources */,
				8968C1291DD77E1E007C0945 /* XOPFilesMac.c in Sources */,
				8968C12A1DD77E1E007C0945 /* XOPContainers.c in Sources */,
				892121DD1E565AF4009C25F0 /* XOPMemory.c in Sources */,
				8968C12B1DD77E1E007C0945 /* XOPTextUtilityWindows.c in Sources */,
			);
			runOnlyForDeploymentPostprocessing = 0;
		};
		8968C13F1DD77ED9007C0945 /* Sources */ = {
			isa = PBXSourcesBuildPhase;
			buildActionMask = 2147483647;
			files = (
				8968C1401DD77ED9007C0945 /* XOPDataFolderAccess.c in Sources */,
				8968C1411DD77ED9007C0945 /* XOPDialogsMac.c in Sources */,
				8968C1421DD77ED9007C0945 /* XOPFiles.c in Sources */,
				8968C1431DD77ED9007C0945 /* XOPMenus.c in Sources */,
				8968C1441DD77ED9007C0945 /* XOPNumericConversion.c in Sources */,
				8968C1451DD77ED9007C0945 /* XOPSupport.c in Sources */,
				8968C1461DD77ED9007C0945 /* XOPSupportMac.c in Sources */,
				8968C1471DD77ED9007C0945 /* XOPWindows.c in Sources */,
				8968C1481DD77ED9007C0945 /* XOPWaveAccess.c in Sources */,
				8968C1491DD77ED9007C0945 /* XOPFilesMac.c in Sources */,
				8968C14A1DD77ED9007C0945 /* XOPContainers.c in Sources */,
				892121DE1E565AF4009C25F0 /* XOPMemory.c in Sources */,
				8968C14B1DD77ED9007C0945 /* XOPTextUtilityWindows.c in Sources */,
			);
			runOnlyForDeploymentPostprocessing = 0;
		};
		89957BB21829DBB300F5F710 /* Sources */ = {
			isa = PBXSourcesBuildPhase;
			buildActionMask = 2147483647;
			files = (
				89957BB31829DBB300F5F710 /* XOPDataFolderAccess.c in Sources */,
				89957BB41829DBB300F5F710 /* XOPDialogsMac.c in Sources */,
				89957BB51829DBB300F5F710 /* XOPFiles.c in Sources */,
				89957BB61829DBB300F5F710 /* XOPMenus.c in Sources */,
				89957BB71829DBB300F5F710 /* XOPNumericConversion.c in Sources */,
				89957BB81829DBB300F5F710 /* XOPSupport.c in Sources */,
				89957BB91829DBB300F5F710 /* XOPSupportMac.c in Sources */,
				89957BBA1829DBB300F5F710 /* XOPWindows.c in Sources */,
				89957BBB1829DBB300F5F710 /* XOPWaveAccess.c in Sources */,
				89957BBC1829DBB300F5F710 /* XOPFilesMac.c in Sources */,
				8976E14E19493CAB00157985 /* XOPContainers.c in Sources */,
				892121DC1E565AF4009C25F0 /* XOPMemory.c in Sources */,
				8976E158194A1DB700157985 /* XOPTextUtilityWindows.c in Sources */,
			);
			runOnlyForDeploymentPostprocessing = 0;
		};
		AA60AC34057D33F90010DFAC /* Sources */ = {
			isa = PBXSourcesBuildPhase;
			buildActionMask = 2147483647;
			files = (
				AA60AC54057D34FC0010DFAC /* XOPDataFolderAccess.c in Sources */,
				AA60AC55057D34FC0010DFAC /* XOPDialogsMac.c in Sources */,
				AA60AC56057D34FC0010DFAC /* XOPFiles.c in Sources */,
				AA60AC57057D34FC0010DFAC /* XOPMenus.c in Sources */,
				AA60AC58057D34FC0010DFAC /* XOPNumericConversion.c in Sources */,
				AA60AC5B057D34FC0010DFAC /* XOPSupport.c in Sources */,
				AA60AC5D057D34FC0010DFAC /* XOPSupportMac.c in Sources */,
				AA60AC60057D34FC0010DFAC /* XOPWindows.c in Sources */,
				89B041FE08888BAE001DF13D /* XOPWaveAccess.c in Sources */,
				896C71420E3E815100859D7F /* XOPFilesMac.c in Sources */,
				8976E14D19493CAB00157985 /* XOPContainers.c in Sources */,
				892121DB1E565AF4009C25F0 /* XOPMemory.c in Sources */,
				8976E157194A1DB700157985 /* XOPTextUtilityWindows.c in Sources */,
			);
			runOnlyForDeploymentPostprocessing = 0;
		};
/* End PBXSourcesBuildPhase section */

/* Begin XCBuildConfiguration section */
		8915525B093FB1FE0062870E /* Debug */ = {
			isa = XCBuildConfiguration;
			buildSettings = {
				COMBINE_HIDPI_IMAGES = YES;
				COPY_PHASE_STRIP = NO;
				GCC_PRECOMPILE_PREFIX_HEADER = YES;
				GCC_PREFIX_HEADER = "$(SYSTEM_LIBRARY_DIR)/Frameworks/Carbon.framework/Headers/Carbon.h";
				GCC_PREPROCESSOR_DEFINITIONS = "";
				GCC_VERSION = "";
				GCC_WARN_FOUR_CHARACTER_CONSTANTS = NO;
				GCC_WARN_UNKNOWN_PRAGMAS = NO;
				GCC_WARN_UNUSED_FUNCTION = NO;
				INSTALL_PATH = /usr/local/lib;
				LIBRARY_STYLE = STATIC;
				OBJROOT = "$(SYMROOT)";
				OTHER_CFLAGS = "";
				OTHER_LDFLAGS = (
					"-framework",
					Carbon,
				);
				OTHER_REZFLAGS = "";
				PRODUCT_NAME = XOPSupport;
				REZ_EXECUTABLE = YES;
				SECTORDER_FLAGS = "";
				SYMROOT = build;
				WARNING_CFLAGS = (
					"-Wmost",
					"-Wno-parentheses",
					"-Wno-array-bounds",
					"-Wno-unused-function",
				);
			};
			name = Debug;
		};
		8915525C093FB1FE0062870E /* Release */ = {
			isa = XCBuildConfiguration;
			buildSettings = {
				COMBINE_HIDPI_IMAGES = YES;
				COPY_PHASE_STRIP = YES;
				GCC_PRECOMPILE_PREFIX_HEADER = YES;
				GCC_PREFIX_HEADER = "$(SYSTEM_LIBRARY_DIR)/Frameworks/Carbon.framework/Headers/Carbon.h";
				GCC_PREPROCESSOR_DEFINITIONS = "";
				GCC_VERSION = "";
				GCC_WARN_FOUR_CHARACTER_CONSTANTS = NO;
				GCC_WARN_UNKNOWN_PRAGMAS = NO;
				GCC_WARN_UNUSED_FUNCTION = NO;
				INSTALL_PATH = /usr/local/lib;
				LIBRARY_STYLE = STATIC;
				OBJROOT = "$(SYMROOT)";
				OTHER_CFLAGS = "";
				OTHER_LDFLAGS = (
					"-framework",
					Carbon,
				);
				OTHER_REZFLAGS = "";
				PRODUCT_NAME = XOPSupport;
				REZ_EXECUTABLE = YES;
				SECTORDER_FLAGS = "";
				SYMROOT = build;
				WARNING_CFLAGS = (
					"-Wmost",
					"-Wno-parentheses",
					"-Wno-array-bounds",
					"-Wno-unused-function",
				);
			};
			name = Release;
		};
		8915525D093FB1FE0062870E /* Default */ = {
			isa = XCBuildConfiguration;
			buildSettings = {
				COMBINE_HIDPI_IMAGES = YES;
				GCC_PRECOMPILE_PREFIX_HEADER = YES;
				GCC_PREFIX_HEADER = "$(SYSTEM_LIBRARY_DIR)/Frameworks/Carbon.framework/Headers/Carbon.h";
				GCC_PREPROCESSOR_DEFINITIONS = "";
				GCC_VERSION = "";
				GCC_WARN_FOUR_CHARACTER_CONSTANTS = NO;
				GCC_WARN_UNKNOWN_PRAGMAS = NO;
				GCC_WARN_UNUSED_FUNCTION = NO;
				INSTALL_PATH = /usr/local/lib;
				LIBRARY_STYLE = STATIC;
				OBJROOT = "$(SYMROOT)";
				OTHER_CFLAGS = "";
				OTHER_LDFLAGS = (
					"-framework",
					Carbon,
				);
				OTHER_REZFLAGS = "";
				PRODUCT_NAME = XOPSupport;
				REZ_EXECUTABLE = YES;
				SECTORDER_FLAGS = "";
				SYMROOT = build;
				WARNING_CFLAGS = (
					"-Wmost",
					"-Wno-parentheses",
					"-Wno-array-bounds",
					"-Wno-unused-function",
				);
			};
			name = Default;
		};
		8915525F093FB1FE0062870E /* Debug */ = {
			isa = XCBuildConfiguration;
			buildSettings = {
				ARCHS = "$(ARCHS_STANDARD_32_BIT)";
				GCC_PREPROCESSOR_DEFINITIONS = NOT_XOP_SUPPORTS_LONG_NAMES_AND_PATHS;
				GCC_VERSION = "";
				GCC_WARN_ABOUT_DEPRECATED_FUNCTIONS = NO;
				MACOSX_DEPLOYMENT_TARGET = 10.6;
				SDKROOT = macosx;
			};
			name = Debug;
		};
		89155260093FB1FE0062870E /* Release */ = {
			isa = XCBuildConfiguration;
			buildSettings = {
				ARCHS = "$(ARCHS_STANDARD_32_BIT)";
				GCC_PREPROCESSOR_DEFINITIONS = NOT_XOP_SUPPORTS_LONG_NAMES_AND_PATHS;
				GCC_VERSION = "";
				GCC_WARN_ABOUT_DEPRECATED_FUNCTIONS = NO;
				MACOSX_DEPLOYMENT_TARGET = 10.6;
				SDKROOT = macosx;
			};
			name = Release;
		};
		89155261093FB1FE0062870E /* Default */ = {
			isa = XCBuildConfiguration;
			buildSettings = {
				ARCHS = "$(ARCHS_STANDARD_32_BIT)";
				GCC_PREPROCESSOR_DEFINITIONS = NOT_XOP_SUPPORTS_LONG_NAMES_AND_PATHS;
				GCC_VERSION = "";
				GCC_WARN_ABOUT_DEPRECATED_FUNCTIONS = NO;
				MACOSX_DEPLOYMENT_TARGET = 10.6;
				SDKROOT = macosx;
			};
			name = Default;
		};
		8968C12E1DD77E1E007C0945 /* Debug */ = {
			isa = XCBuildConfiguration;
			buildSettings = {
				COMBINE_HIDPI_IMAGES = YES;
				COPY_PHASE_STRIP = NO;
				GCC_PRECOMPILE_PREFIX_HEADER = YES;
				GCC_PREFIX_HEADER = "$(SYSTEM_LIBRARY_DIR)/Frameworks/Carbon.framework/Headers/Carbon.h";
				GCC_PREPROCESSOR_DEFINITIONS = XOP_SUPPORTS_LONG_NAMES_AND_PATHS;
				GCC_VERSION = "";
				GCC_WARN_FOUR_CHARACTER_CONSTANTS = NO;
				GCC_WARN_UNKNOWN_PRAGMAS = NO;
				GCC_WARN_UNUSED_FUNCTION = NO;
				INSTALL_PATH = /usr/local/lib;
				LIBRARY_STYLE = STATIC;
				OBJROOT = "$(SYMROOT)";
				OTHER_CFLAGS = "";
				OTHER_LDFLAGS = (
					"-framework",
					Carbon,
				);
				OTHER_REZFLAGS = "";
				PRODUCT_NAME = XOPSupportLongNames;
				REZ_EXECUTABLE = YES;
				SECTORDER_FLAGS = "";
				SYMROOT = build;
				WARNING_CFLAGS = (
					"-Wmost",
					"-Wno-parentheses",
					"-Wno-array-bounds",
					"-Wno-unused-function",
				);
			};
			name = Debug;
		};
		8968C12F1DD77E1E007C0945 /* Release */ = {
			isa = XCBuildConfiguration;
			buildSettings = {
				COMBINE_HIDPI_IMAGES = YES;
				COPY_PHASE_STRIP = YES;
				GCC_PRECOMPILE_PREFIX_HEADER = YES;
				GCC_PREFIX_HEADER = "$(SYSTEM_LIBRARY_DIR)/Frameworks/Carbon.framework/Headers/Carbon.h";
				GCC_PREPROCESSOR_DEFINITIONS = XOP_SUPPORTS_LONG_NAMES_AND_PATHS;
				GCC_VERSION = "";
				GCC_WARN_FOUR_CHARACTER_CONSTANTS = NO;
				GCC_WARN_UNKNOWN_PRAGMAS = NO;
				GCC_WARN_UNUSED_FUNCTION = NO;
				INSTALL_PATH = /usr/local/lib;
				LIBRARY_STYLE = STATIC;
				OBJROOT = "$(SYMROOT)";
				OTHER_CFLAGS = "";
				OTHER_LDFLAGS = (
					"-framework",
					Carbon,
				);
				OTHER_REZFLAGS = "";
				PRODUCT_NAME = XOPSupportLongNames;
				REZ_EXECUTABLE = YES;
				SECTORDER_FLAGS = "";
				SYMROOT = build;
				WARNING_CFLAGS = (
					"-Wmost",
					"-Wno-parentheses",
					"-Wno-array-bounds",
					"-Wno-unused-function",
				);
			};
			name = Release;
		};
		8968C1301DD77E1E007C0945 /* Default */ = {
			isa = XCBuildConfiguration;
			buildSettings = {
				COMBINE_HIDPI_IMAGES = YES;
				GCC_PRECOMPILE_PREFIX_HEADER = YES;
				GCC_PREFIX_HEADER = "$(SYSTEM_LIBRARY_DIR)/Frameworks/Carbon.framework/Headers/Carbon.h";
				GCC_PREPROCESSOR_DEFINITIONS = XOP_SUPPORTS_LONG_NAMES_AND_PATHS;
				GCC_VERSION = "";
				GCC_WARN_FOUR_CHARACTER_CONSTANTS = NO;
				GCC_WARN_UNKNOWN_PRAGMAS = NO;
				GCC_WARN_UNUSED_FUNCTION = NO;
				INSTALL_PATH = /usr/local/lib;
				LIBRARY_STYLE = STATIC;
				OBJROOT = "$(SYMROOT)";
				OTHER_CFLAGS = "";
				OTHER_LDFLAGS = (
					"-framework",
					Carbon,
				);
				OTHER_REZFLAGS = "";
				PRODUCT_NAME = XOPSupportLongNames;
				REZ_EXECUTABLE = YES;
				SECTORDER_FLAGS = "";
				SYMROOT = build;
				WARNING_CFLAGS = (
					"-Wmost",
					"-Wno-parentheses",
					"-Wno-array-bounds",
					"-Wno-unused-function",
				);
			};
			name = Default;
		};
		8968C14E1DD77ED9007C0945 /* Debug */ = {
			isa = XCBuildConfiguration;
			buildSettings = {
				ARCHS = "$(ARCHS_STANDARD_64_BIT)";
				COMBINE_HIDPI_IMAGES = YES;
				COPY_PHASE_STRIP = NO;
				GCC_PRECOMPILE_PREFIX_HEADER = YES;
				GCC_PREFIX_HEADER = "$(SYSTEM_LIBRARY_DIR)/Frameworks/Carbon.framework/Headers/Carbon.h";
				GCC_PREPROCESSOR_DEFINITIONS = XOP_SUPPORTS_LONG_NAMES_AND_PATHS;
				GCC_VERSION = "";
				GCC_WARN_FOUR_CHARACTER_CONSTANTS = NO;
				GCC_WARN_UNKNOWN_PRAGMAS = NO;
				GCC_WARN_UNUSED_FUNCTION = NO;
				INSTALL_PATH = /usr/local/lib;
				LIBRARY_STYLE = STATIC;
				OBJROOT = "$(SYMROOT)";
				OTHER_CFLAGS = "";
				OTHER_LDFLAGS = (
					"-framework",
					Carbon,
				);
				OTHER_REZFLAGS = "";
				PRODUCT_NAME = XOPSupportLongNames64;
				REZ_EXECUTABLE = YES;
				SECTORDER_FLAGS = "";
				SYMROOT = build;
				WARNING_CFLAGS = (
					"-Wmost",
					"-Wno-parentheses",
					"-Wno-array-bounds",
					"-Wno-unused-function",
					"-Wno-int-to-pointer-cast",
				);
			};
			name = Debug;
		};
		8968C14F1DD77ED9007C0945 /* Release */ = {
			isa = XCBuildConfiguration;
			buildSettings = {
				ARCHS = "$(ARCHS_STANDARD_64_BIT)";
				COMBINE_HIDPI_IMAGES = YES;
				COPY_PHASE_STRIP = YES;
				GCC_PRECOMPILE_PREFIX_HEADER = YES;
				GCC_PREFIX_HEADER = "$(SYSTEM_LIBRARY_DIR)/Frameworks/Carbon.framework/Headers/Carbon.h";
				GCC_PREPROCESSOR_DEFINITIONS = XOP_SUPPORTS_LONG_NAMES_AND_PATHS;
				GCC_VERSION = "";
				GCC_WARN_FOUR_CHARACTER_CONSTANTS = NO;
				GCC_WARN_UNKNOWN_PRAGMAS = NO;
				GCC_WARN_UNUSED_FUNCTION = NO;
				INSTALL_PATH = /usr/local/lib;
				LIBRARY_STYLE = STATIC;
				OBJROOT = "$(SYMROOT)";
				OTHER_CFLAGS = "";
				OTHER_LDFLAGS = (
					"-framework",
					Carbon,
				);
				OTHER_REZFLAGS = "";
				PRODUCT_NAME = XOPSupportLongNames64;
				REZ_EXECUTABLE = YES;
				SECTORDER_FLAGS = "";
				SYMROOT = build;
				WARNING_CFLAGS = (
					"-Wmost",
					"-Wno-parentheses",
					"-Wno-array-bounds",
					"-Wno-unused-function",
					"-Wno-int-to-pointer-cast",
				);
			};
			name = Release;
		};
		8968C1501DD77ED9007C0945 /* Default */ = {
			isa = XCBuildConfiguration;
			buildSettings = {
				ARCHS = "$(ARCHS_STANDARD_64_BIT)";
				COMBINE_HIDPI_IMAGES = YES;
				GCC_PRECOMPILE_PREFIX_HEADER = YES;
				GCC_PREFIX_HEADER = "$(SYSTEM_LIBRARY_DIR)/Frameworks/Carbon.framework/Headers/Carbon.h";
				GCC_PREPROCESSOR_DEFINITIONS = XOP_SUPPORTS_LONG_NAMES_AND_PATHS;
				GCC_VERSION = "";
				GCC_WARN_FOUR_CHARACTER_CONSTANTS = NO;
				GCC_WARN_UNKNOWN_PRAGMAS = NO;
				GCC_WARN_UNUSED_FUNCTION = NO;
				INSTALL_PATH = /usr/local/lib;
				LIBRARY_STYLE = STATIC;
				OBJROOT = "$(SYMROOT)";
				OTHER_CFLAGS = "";
				OTHER_LDFLAGS = (
					"-framework",
					Carbon,
				);
				OTHER_REZFLAGS = "";
				PRODUCT_NAME = XOPSupportLongNames64;
				REZ_EXECUTABLE = YES;
				SECTORDER_FLAGS = "";
				SYMROOT = build;
				WARNING_CFLAGS = (
					"-Wmost",
					"-Wno-parentheses",
					"-Wno-array-bounds",
					"-Wno-unused-function",
					"-Wno-int-to-pointer-cast",
				);
			};
			name = Default;
		};
		89957BBF1829DBB300F5F710 /* Debug */ = {
			isa = XCBuildConfiguration;
			buildSettings = {
				ARCHS = "$(ARCHS_STANDARD_64_BIT)";
				COMBINE_HIDPI_IMAGES = YES;
				COPY_PHASE_STRIP = NO;
				GCC_PRECOMPILE_PREFIX_HEADER = YES;
				GCC_PREFIX_HEADER = "$(SYSTEM_LIBRARY_DIR)/Frameworks/Carbon.framework/Headers/Carbon.h";
				GCC_PREPROCESSOR_DEFINITIONS = "";
				GCC_VERSION = "";
				GCC_WARN_FOUR_CHARACTER_CONSTANTS = NO;
				GCC_WARN_UNKNOWN_PRAGMAS = NO;
				GCC_WARN_UNUSED_FUNCTION = NO;
				INSTALL_PATH = /usr/local/lib;
				LIBRARY_STYLE = STATIC;
				OBJROOT = "$(SYMROOT)";
				OTHER_CFLAGS = "";
				OTHER_LDFLAGS = (
					"-framework",
					Carbon,
				);
				OTHER_REZFLAGS = "";
				PRODUCT_NAME = XOPSupport64;
				REZ_EXECUTABLE = YES;
				SECTORDER_FLAGS = "";
				SYMROOT = build;
				WARNING_CFLAGS = (
					"-Wmost",
					"-Wno-parentheses",
					"-Wno-array-bounds",
					"-Wno-unused-function",
					"-Wno-int-to-pointer-cast",
				);
			};
			name = Debug;
		};
		89957BC01829DBB300F5F710 /* Release */ = {
			isa = XCBuildConfiguration;
			buildSettings = {
				ARCHS = "$(ARCHS_STANDARD_64_BIT)";
				COMBINE_HIDPI_IMAGES = YES;
				COPY_PHASE_STRIP = YES;
				GCC_PRECOMPILE_PREFIX_HEADER = YES;
				GCC_PREFIX_HEADER = "$(SYSTEM_LIBRARY_DIR)/Frameworks/Carbon.framework/Headers/Carbon.h";
				GCC_PREPROCESSOR_DEFINITIONS = "";
				GCC_VERSION = "";
				GCC_WARN_FOUR_CHARACTER_CONSTANTS = NO;
				GCC_WARN_UNKNOWN_PRAGMAS = NO;
				GCC_WARN_UNUSED_FUNCTION = NO;
				INSTALL_PATH = /usr/local/lib;
				LIBRARY_STYLE = STATIC;
				OBJROOT = "$(SYMROOT)";
				OTHER_CFLAGS = "";
				OTHER_LDFLAGS = (
					"-framework",
					Carbon,
				);
				OTHER_REZFLAGS = "";
				PRODUCT_NAME = XOPSupport64;
				REZ_EXECUTABLE = YES;
				SECTORDER_FLAGS = "";
				SYMROOT = build;
				WARNING_CFLAGS = (
					"-Wmost",
					"-Wno-parentheses",
					"-Wno-array-bounds",
					"-Wno-unused-function",
					"-Wno-int-to-pointer-cast",
				);
			};
			name = Release;
		};
		89957BC11829DBB300F5F710 /* Default */ = {
			isa = XCBuildConfiguration;
			buildSettings = {
				ARCHS = "$(ARCHS_STANDARD_64_BIT)";
				COMBINE_HIDPI_IMAGES = YES;
				GCC_PRECOMPILE_PREFIX_HEADER = YES;
				GCC_PREFIX_HEADER = "$(SYSTEM_LIBRARY_DIR)/Frameworks/Carbon.framework/Headers/Carbon.h";
				GCC_PREPROCESSOR_DEFINITIONS = "";
				GCC_VERSION = "";
				GCC_WARN_FOUR_CHARACTER_CONSTANTS = NO;
				GCC_WARN_UNKNOWN_PRAGMAS = NO;
				GCC_WARN_UNUSED_FUNCTION = NO;
				INSTALL_PATH = /usr/local/lib;
				LIBRARY_STYLE = STATIC;
				OBJROOT = "$(SYMROOT)";
				OTHER_CFLAGS = "";
				OTHER_LDFLAGS = (
					"-framework",
					Carbon,
				);
				OTHER_REZFLAGS = "";
				PRODUCT_NAME = XOPSupport64;
				REZ_EXECUTABLE = YES;
				SECTORDER_FLAGS = "";
				SYMROOT = build;
				WARNING_CFLAGS = (
					"-Wmost",
					"-Wno-parentheses",
					"-Wno-array-bounds",
					"-Wno-unused-function",
					"-Wno-int-to-pointer-cast",
				);
			};
			name = Default;
		};
/* End XCBuildConfiguration section */

/* Begin XCConfigurationList section */
		8915525A093FB1FE0062870E /* Build configuration list for PBXNativeTarget "XOPSupport" */ = {
			isa = XCConfigurationList;
			buildConfigurations = (
				8915525B093FB1FE0062870E /* Debug */,
				8915525C093FB1FE0062870E /* Release */,
				8915525D093FB1FE0062870E /* Default */,
			);
			defaultConfigurationIsVisible = 0;
			defaultConfigurationName = Default;
		};
		8915525E093FB1FE0062870E /* Build configuration list for PBXProject "XOPSupport" */ = {
			isa = XCConfigurationList;
			buildConfigurations = (
				8915525F093FB1FE0062870E /* Debug */,
				89155260093FB1FE0062870E /* Release */,
				89155261093FB1FE0062870E /* Default */,
			);
			defaultConfigurationIsVisible = 0;
			defaultConfigurationName = Default;
		};
		8968C12D1DD77E1E007C0945 /* Build configuration list for PBXNativeTarget "XOPSupportLongNames" */ = {
			isa = XCConfigurationList;
			buildConfigurations = (
				8968C12E1DD77E1E007C0945 /* Debug */,
				8968C12F1DD77E1E007C0945 /* Release */,
				8968C1301DD77E1E007C0945 /* Default */,
			);
			defaultConfigurationIsVisible = 0;
			defaultConfigurationName = Default;
		};
		8968C14D1DD77ED9007C0945 /* Build configuration list for PBXNativeTarget "XOPSupportLongNames64" */ = {
			isa = XCConfigurationList;
			buildConfigurations = (
				8968C14E1DD77ED9007C0945 /* Debug */,
				8968C14F1DD77ED9007C0945 /* Release */,
				8968C1501DD77ED9007C0945 /* Default */,
			);
			defaultConfigurationIsVisible = 0;
			defaultConfigurationName = Default;
		};
		89957BBE1829DBB300F5F710 /* Build configuration list for PBXNativeTarget "XOPSupport64" */ = {
			isa = XCConfigurationList;
			buildConfigurations = (
				89957BBF1829DBB300F5F710 /* Debug */,
				89957BC01829DBB300F5F710 /* Release */,
				89957BC11829DBB300F5F710 /* Default */,
			);
			defaultConfigurationIsVisible = 0;
			defaultConfigurationName = Default;
		};
/* End XCConfigurationList section */
	};
	rootObject = AA60AC27057D33820010DFAC /* Project object */;
}
